
Microsoft Visual Studio Solution File, Format Version 12.00
# Visual Studio Version 17
VisualStudioVersion = 17.13.35931.197 d17.13
MinimumVisualStudioVersion = 10.0.40219.1
Project("{FAE04EC0-301F-11D3-BF4B-00C04F79EFBC}") = "AspNetCoreIdentityApp", "AspNetCoreIdentityApp\AspNetCoreIdentityApp.csproj", "{6C9B02D2-6F23-41A5-9399-6A588FF6CA20}"
EndProject
Project("{FAE04EC0-301F-11D3-BF4B-00C04F79EFBC}") = "AspNetCoreIdentity.Core", "AspNetCoreIdentity.Core\AspNetCoreIdentity.Core.csproj", "{00EEAA3A-C1E6-4438-9A60-8DFB3EB27C6A}"
EndProject
Project("{FAE04EC0-301F-11D3-BF4B-00C04F79EFBC}") = "AspNetCoreIdentity.Repository", "AspNetCoreIdentity.Repository\AspNetCoreIdentity.Repository.csproj", "{0642406C-E4B6-4FC9-9138-7AE385888B53}"
EndProject
Project("{FAE04EC0-301F-11D3-BF4B-00C04F79EFBC}") = "AspNetCoreIdentity.Service", "AspNetCoreIdentity.Service\AspNetCoreIdentity.Service.csproj", "{709EF8B4-3AC9-4974-98FB-019FC4168632}"
EndProject
Global
	GlobalSection(SolutionConfigurationPlatforms) = preSolution
		Debug|Any CPU = Debug|Any CPU
		Release|Any CPU = Release|Any CPU
	EndGlobalSection
	GlobalSection(ProjectConfigurationPlatforms) = postSolution
		{6C9B02D2-6F23-41A5-9399-6A588FF6CA20}.Debug|Any CPU.ActiveCfg = Debug|Any CPU
		{6C9B02D2-6F23-41A5-9399-6A588FF6CA20}.Debug|Any CPU.Build.0 = Debug|Any CPU
		{6C9B02D2-6F23-41A5-9399-6A588FF6CA20}.Release|Any CPU.ActiveCfg = Release|Any CPU
		{6C9B02D2-6F23-41A5-9399-6A588FF6CA20}.Release|Any CPU.Build.0 = Release|Any CPU
		{00EEAA3A-C1E6-4438-9A60-8DFB3EB27C6A}.Debug|Any CPU.ActiveCfg = Debug|Any CPU
		{00EEAA3A-C1E6-4438-9A60-8DFB3EB27C6A}.Debug|Any CPU.Build.0 = Debug|Any CPU
		{00EEAA3A-C1E6-4438-9A60-8DFB3EB27C6A}.Release|Any CPU.ActiveCfg = Release|Any CPU
		{00EEAA3A-C1E6-4438-9A60-8DFB3EB27C6A}.Release|Any CPU.Build.0 = Release|Any CPU
		{0642406C-E4B6-4FC9-9138-7AE385888B53}.Debug|Any CPU.ActiveCfg = Debug|Any CPU
		{0642406C-E4B6-4FC9-9138-7AE385888B53}.Debug|Any CPU.Build.0 = Debug|Any CPU
		{0642406C-E4B6-4FC9-9138-7AE385888B53}.Release|Any CPU.ActiveCfg = Release|Any CPU
		{0642406C-E4B6-4FC9-9138-7AE385888B53}.Release|Any CPU.Build.0 = Release|Any CPU
		{709EF8B4-3AC9-4974-98FB-019FC4168632}.Debug|Any CPU.ActiveCfg = Debug|Any CPU
		{709EF8B4-3AC9-4974-98FB-019FC4168632}.Debug|Any CPU.Build.0 = Debug|Any CPU
		{709EF8B4-3AC9-4974-98FB-019FC4168632}.Release|Any CPU.ActiveCfg = Release|Any CPU
		{709EF8B4-3AC9-4974-98FB-019FC4168632}.Release|Any CPU.Build.0 = Release|Any CPU
	EndGlobalSection
	GlobalSection(SolutionProperties) = preSolution
		HideSolutionNode = FALSE
	EndGlobalSection
	GlobalSection(ExtensibilityGlobals) = postSolution
		SolutionGuid = {533B8716-2E0E-49F9-B273-7BD540A5805E}
	EndGlobalSection
EndGlobal
